Microsoft Visual Studio Solution File, Format Version 12.00
# Visual Studio Version 17
VisualStudioVersion = 17.5.2.0
MinimumVisualStudioVersion = 10.0.40219.1
Project("{FAE04EC0-301F-11D3-BF4B-00C04F79EFBC}") = "Westwind.Utilities.Windows", "Westwind.Utilities.Windows.csproj", "{CF17AAF1-F926-0AB9-0E12-FDC79F47739D}"
EndProject
Global
	GlobalSection(SolutionConfigurationPlatforms) = preSolution
		Debug|Any CPU = Debug|Any CPU
		Release|Any CPU = Release|Any CPU
	EndGlobalSection
	GlobalSection(ProjectConfigurationPlatforms) = postSolution
		{CF17AAF1-F926-0AB9-0E12-FDC79F47739D}.Debug|Any CPU.ActiveCfg = Debug|Any CPU
		{CF17AAF1-F926-0AB9-0E12-FDC79F47739D}.Debug|Any CPU.Build.0 = Debug|Any CPU
		{CF17AAF1-F926-0AB9-0E12-FDC79F47739D}.Release|Any CPU.ActiveCfg = Release|Any CPU
		{CF17AAF1-F926-0AB9-0E12-FDC79F47739D}.Release|Any CPU.Build.0 = Release|Any CPU
	EndGlobalSection
	GlobalSection(SolutionProperties) = preSolution
		HideSolutionNode = FALSE
	EndGlobalSection
	GlobalSection(ExtensibilityGlobals) = postSolution
		SolutionGuid = {280DCD4C-A918-4465-91DE-33E1156A69F8}
	EndGlobalSection
EndGlobal
